
Microsoft Visual Studio Solution File, Format Version 12.00
# Visual Studio Version 16
VisualStudioVersion = 16.0.30804.86
MinimumVisualStudioVersion = 10.0.40219.1
Project("{F184B08F-C81C-45F6-A57F-5ABD9991F28F}") = "uber", "uber.vbproj", "{B53A0DEA-3A41-42B4-9869-AE124A6C8615}"
EndProject
Global
	GlobalSection(SolutionConfigurationPlatforms) = preSolution
		Debug|Any CPU = Debug|Any CPU
		Release|Any CPU = Release|Any CPU
	EndGlobalSection
	GlobalSection(ProjectConfigurationPlatforms) = postSolution
		{B53A0DEA-3A41-42B4-9869-AE124A6C8615}.Debug|Any CPU.ActiveCfg = Debug|Any CPU
		{B53A0DEA-3A41-42B4-9869-AE124A6C8615}.Debug|Any CPU.Build.0 = Debug|Any CPU
		{B53A0DEA-3A41-42B4-9869-AE124A6C8615}.Release|Any CPU.ActiveCfg = Release|Any CPU
		{B53A0DEA-3A41-42B4-9869-AE124A6C8615}.Release|Any CPU.Build.0 = Release|Any CPU
	EndGlobalSection
	GlobalSection(SolutionProperties) = preSolution
		HideSolutionNode = FALSE
	EndGlobalSection
	GlobalSection(ExtensibilityGlobals) = postSolution
		SolutionGuid = {96310025-AD12-4E07-8076-4D2CCFBB651E}
	EndGlobalSection
EndGlobal
